// !$*UTF8*$!
{
	archiveVersion = 1;
	classes = {
	};
	objectVersion = 50;
	objects = {

/* Begin PBXBuildFile section */
		B924DE3523E302B500D1B11B /* AppDelegate.swift in Sources */ = {isa = PBXBuildFile; fileRef = B924DE3423E302B500D1B11B /* AppDelegate.swift */; };
		B924DE3723E302B500D1B11B /* SceneDelegate.swift in Sources */ = {isa = PBXBuildFile; fileRef = B924DE3623E302B500D1B11B /* SceneDelegate.swift */; };
		B924DE3923E302B500D1B11B /* ContentView.swift in Sources */ = {isa = PBXBuildFile; fileRef = B924DE3823E302B500D1B11B /* ContentView.swift */; };
		B924DE3B23E302BB00D1B11B /* Assets.xcassets in Resources */ = {isa = PBXBuildFile; fileRef = B924DE3A23E302BB00D1B11B /* Assets.xcassets */; };
		B924DE3E23E302BB00D1B11B /* Preview Assets.xcassets in Resources */ = {isa = PBXBuildFile; fileRef = B924DE3D23E302BB00D1B11B /* Preview Assets.xcassets */; };
		B924DE4123E302BB00D1B11B /* LaunchScreen.storyboard in Resources */ = {isa = PBXBuildFile; fileRef = B924DE3F23E302BB00D1B11B /* LaunchScreen.storyboard */; };
/* End PBXBuildFile section */

/* Begin PBXFileReference section */
		B924DE3123E302B500D1B11B /* Coronacheck.app */ = {isa = PBXFileReference; explicitFileType = wrapper.application; includeInIndex = 0; path = Coronacheck.app; sourceTree = BUILT_PRODUCTS_DIR; };
		B924DE3423E302B500D1B11B /* AppDelegate.swift */ = {isa = PBXFileReference; lastKnownFileType = sourcecode.swift; path = AppDelegate.swift; sourceTree = "<group>"; };
		B924DE3623E302B500D1B11B /* SceneDelegate.swift */ = {isa = PBXFileReference; lastKnownFileType = sourcecode.swift; path = SceneDelegate.swift; sourceTree = "<group>"; };
		B924DE3823E302B500D1B11B /* ContentView.swift */ = {isa = PBXFileReference; lastKnownFileType = sourcecode.swift; path = ContentView.swift; sourceTree = "<group>"; };
		B924DE3A23E302BB00D1B11B /* Assets.xcassets */ = {isa = PBXFileReference; lastKnownFileType = folder.assetcatalog; path = Assets.xcassets; sourceTree = "<group>"; };
		B924DE3D23E302BB00D1B11B /* Preview Assets.xcassets */ = {isa = PBXFileReference; lastKnownFileType = folder.assetcatalog; path = "Preview Assets.xcassets"; sourceTree = "<group>"; };
		B924DE4023E302BB00D1B11B /* Base */ = {isa = PBXFileReference; lastKnownFileType = file.storyboard; name = Base; path = Base.lproj/LaunchScreen.storyboard; sourceTree = "<group>"; };
		B924DE4223E302BB00D1B11B /* Info.plist */ = {isa = PBXFileReference; lastKnownFileType = text.plist.xml; path = Info.plist; sourceTree = "<group>"; };
/* End PBXFileReference section */

/* Begin PBXFrameworksBuildPhase section */
		B924DE2E23E302B500D1B11B /* Frameworks */ = {
			isa = PBXFrameworksBuildPhase;
			buildActionMask = 2147483647;
			files = (
			);
			runOnlyForDeploymentPostprocessing = 0;
		};
/* End PBXFrameworksBuildPhase section */

/* Begin PBXGroup section */
		B924DE2823E302B500D1B11B = {
			isa = PBXGroup;
			children = (
				B924DE3323E302B500D1B11B /* Coronacheck */,
				B924DE3223E302B500D1B11B /* Products */,
			);
			sourceTree = "<group>";
		};
		B924DE3223E302B500D1B11B /* Products */ = {
			isa = PBXGroup;
			children = (
				B924DE3123E302B500D1B11B /* Coronacheck.app */,
			);
			name = Products;
			sourceTree = "<group>";
		};
		B924DE3323E302B500D1B11B /* Coronacheck */ = {
			isa = PBXGroup;
			children = (
				B924DE3423E302B500D1B11B /* AppDelegate.swift */,
				B924DE3623E302B500D1B11B /* SceneDelegate.swift */,
				B924DE3823E302B500D1B11B /* ContentView.swift */,
				B924DE3A23E302BB00D1B11B /* Assets.xcassets */,
				B924DE3F23E302BB00D1B11B /* LaunchScreen.storyboard */,
				B924DE4223E302BB00D1B11B /* Info.plist */,
				B924DE3C23E302BB00D1B11B /* Preview Content */,
			);
			path = Coronacheck;
			sourceTree = "<group>";
		};
		B924DE3C23E302BB00D1B11B /* Preview Content */ = {
			isa = PBXGroup;
			children = (
				B924DE3D23E302BB00D1B11B /* Preview Assets.xcassets */,
			);
			path = "Preview Content";
			sourceTree = "<group>";
		};
/* End PBXGroup section */

/* Begin PBXNativeTarget section */
		B924DE3023E302B500D1B11B /* Coronacheck */ = {
			isa = PBXNativeTarget;
			buildConfigurationList = B924DE4523E302BB00D1B11B /* Build configuration list for PBXNativeTarget "Coronacheck" */;
			buildPhases = (
				B924DE2D23E302B500D1B11B /* Sources */,
				B924DE2E23E302B500D1B11B /* Frameworks */,
				B924DE2F23E302B500D1B11B /* Resources */,
			);
			buildRules = (
			);
			dependencies = (
			);
			name = Coronacheck;
			productName = Coronacheck;
			productReference = B924DE3123E302B500D1B11B /* Coronacheck.app */;
			productType = "com.apple.product-type.application";
		};
/* End PBXNativeTarget section */

/* Begin PBXProject section */
		B924DE2923E302B500D1B11B /* Project object */ = {
			isa = PBXProject;
			attributes = {
				LastSwiftUpdateCheck = 1120;
				LastUpgradeCheck = 1120;
				ORGANIZATIONNAME = "Julian Schiavo";
				TargetAttributes = {
					B924DE3023E302B500D1B11B = {
						CreatedOnToolsVersion = 11.2.1;
					};
				};
			};
			buildConfigurationList = B924DE2C23E302B500D1B11B /* Build configuration list for PBXProject "Coronacheck" */;
			compatibilityVersion = "Xcode 9.3";
			developmentRegion = en;
			hasScannedForEncodings = 0;
			knownRegions = (
				en,
				Base,
			);
			mainGroup = B924DE2823E302B500D1B11B;
			productRefGroup = B924DE3223E302B500D1B11B /* Products */;
			projectDirPath = "";
			projectRoot = "";
			targets = (
				B924DE3023E302B500D1B11B /* Coronacheck */,
			);
		};
/* End PBXProject section */

/* Begin PBXResourcesBuildPhase section */
		B924DE2F23E302B500D1B11B /* Resources */ = {
			isa = PBXResourcesBuildPhase;
			buildActionMask = 2147483647;
			files = (
				B924DE4123E302BB00D1B11B /* LaunchScreen.storyboard in Resources */,
				B924DE3E23E302BB00D1B11B /* Preview Assets.xcassets in Resources */,
				B924DE3B23E302BB00D1B11B /* Assets.xcassets in Resources */,
			);
			runOnlyForDeploymentPostprocessing = 0;
		};
/* End PBXResourcesBuildPhase section */

/* Begin PBXSourcesBuildPhase section */
		B924DE2D23E302B500D1B11B /* Sources */ = {
			isa = PBXSourcesBuildPhase;
			buildActionMask = 2147483647;
			files = (
				B924DE3523E302B500D1B11B /* AppDelegate.swift in Sources */,
				B924DE3723E302B500D1B11B /* SceneDelegate.swift in Sources */,
				B924DE3923E302B500D1B11B /* ContentView.swift in Sources */,
			);
			runOnlyForDeploymentPostprocessing = 0;
		};
/* End PBXSourcesBuildPhase section */

/* Begin PBXVariantGroup section */
		B924DE3F23E302BB00D1B11B /* LaunchScreen.storyboard */ = {
			isa = PBXVariantGroup;
			children = (
				B924DE4023E302BB00D1B11B /* Base */,
			);
			name = LaunchScreen.storyboard;
			sourceTree = "<group>";
		};
/* End PBXVariantGroup section */

/* Begin XCBuildConfiguration section */
		B924DE4323E302BB00D1B11B /* Debug */ = {
			isa = XCBuildConfiguration;
			buildSettings = {
				ALWAYS_SEARCH_USER_PATHS = NO;
				CLANG_ANALYZER_NONNULL = YES;
				CLANG_ANALYZER_NUMBER_OBJECT_CONVERSION = YES_AGGRESSIVE;
				CLANG_CXX_LANGUAGE_STANDARD = "gnu++14";
				CLANG_CXX_LIBRARY = "libc++";
				CLANG_ENABLE_MODULES = YES;
				CLANG_ENABLE_OBJC_ARC = YES;
				CLANG_ENABLE_OBJC_WEAK = YES;
				CLANG_WARN_BLOCK_CAPTURE_AUTORELEASING = YES;
				CLANG_WARN_BOOL_CONVERSION = YES;
				CLANG_WARN_COMMA = YES;
				CLANG_WARN_CONSTANT_CONVERSION = YES;
				CLANG_WARN_DEPRECATED_OBJC_IMPLEMENTATIONS = YES;
				CLANG_WARN_DIRECT_OBJC_ISA_USAGE = YES_ERROR;
				CLANG_WARN_DOCUMENTATION_COMMENTS = YES;
				CLANG_WARN_EMPTY_BODY = YES;
				CLANG_WARN_ENUM_CONVERSION = YES;
				CLANG_WARN_INFINITE_RECURSION = YES;
				CLANG_WARN_INT_CONVERSION = YES;
				CLANG_WARN_NON_LITERAL_NULL_CONVERSION = YES;
				CLANG_WARN_OBJC_IMPLICIT_RETAIN_SELF = YES;
				CLANG_WARN_OBJC_LITERAL_CONVERSION = YES;
				CLANG_WARN_OBJC_ROOT_CLASS = YES_ERROR;
				CLANG_WARN_RANGE_LOOP_ANALYSIS = YES;
				CLANG_WARN_STRICT_PROTOTYPES = YES;
				CLANG_WARN_SUSPICIOUS_MOVE = YES;
				CLANG_WARN_UNGUARDED_AVAILABILITY = YES_AGGRESSIVE;
				CLANG_WARN_UNREACHABLE_CODE = YES;
				CLANG_WARN__DUPLICATE_METHOD_MATCH = YES;
				COPY_PHASE_STRIP = NO;
				DEBUG_INFORMATION_FORMAT = dwarf;
				ENABLE_STRICT_OBJC_MSGSEND = YES;
				ENABLE_TESTABILITY = YES;
				GCC_C_LANGUAGE_STANDARD = gnu11;
				GCC_DYNAMIC_NO_PIC = NO;
				GCC_NO_COMMON_BLOCKS = YES;
				GCC_OPTIMIZATION_LEVEL = 0;
				GCC_PREPROCESSOR_DEFINITIONS = (
					"DEBUG=1",
					"$(inherited)",
				);
				GCC_WARN_64_TO_32_BIT_CONVERSION = YES;
				GCC_WARN_ABOUT_RETURN_TYPE = YES_ERROR;
				GCC_WARN_UNDECLARED_SELECTOR = YES;
				GCC_WARN_UNINITIALIZED_AUTOS = YES_AGGRESSIVE;
				GCC_WARN_UNUSED_FUNCTION = YES;
				GCC_WARN_UNUSED_VARIABLE = YES;
				IPHONEOS_DEPLOYMENT_TARGET = 13.2;
				MTL_ENABLE_DEBUG_INFO = INCLUDE_SOURCE;
				MTL_FAST_MATH = YES;
				ONLY_ACTIVE_ARCH = YES;
				SDKROOT = iphoneos;
				SWIFT_ACTIVE_COMPILATION_CONDITIONS = DEBUG;
				SWIFT_OPTIMIZATION_LEVEL = "-Onone";
			};
			name = Debug;
		};
		B924DE4423E302BB00D1B11B /* Release */ = {
			isa = XCBuildConfiguration;
			buildSettings = {
				ALWAYS_SEARCH_USER_PATHS = NO;
				CLANG_ANALYZER_NONNULL = YES;
				CLANG_ANALYZER_NUMBER_OBJECT_CONVERSION = YES_AGGRESSIVE;
				CLANG_CXX_LANGUAGE_STANDARD = "gnu++14";
				CLANG_CXX_LIBRARY = "libc++";
				CLANG_ENABLE_MODULES = YES;
				CLANG_ENABLE_OBJC_ARC = YES;
				CLANG_ENABLE_OBJC_WEAK = YES;
				CLANG_WARN_BLOCK_CAPTURE_AUTORELEASING = YES;
				CLANG_WARN_BOOL_CONVERSION = YES;
				CLANG_WARN_COMMA = YES;
				CLANG_WARN_CONSTANT_CONVERSION = YES;
				CLANG_WARN_DEPRECATED_OBJC_IMPLEMENTATIONS = YES;
				CLANG_WARN_DIRECT_OBJC_ISA_USAGE = YES_ERROR;
				CLANG_WARN_DOCUMENTATION_COMMENTS = YES;
				CLANG_WARN_EMPTY_BODY = YES;
				CLANG_WARN_ENUM_CONVERSION = YES;
				CLANG_WARN_INFINITE_RECURSION = YES;
				CLANG_WARN_INT_CONVERSION = YES;
				CLANG_WARN_NON_LITERAL_NULL_CONVERSION = YES;
				CLANG_WARN_OBJC_IMPLICIT_RETAIN_SELF = YES;
				CLANG_WARN_OBJC_LITERAL_CONVERSION = YES;
				CLANG_WARN_OBJC_ROOT_CLASS = YES_ERROR;
				CLANG_WARN_RANGE_LOOP_ANALYSIS = YES;
				CLANG_WARN_STRICT_PROTOTYPES = YES;
				CLANG_WARN_SUSPICIOUS_MOVE = YES;
				CLANG_WARN_UNGUARDED_AVAILABILITY = YES_AGGRESSIVE;
				CLANG_WARN_UNREACHABLE_CODE = YES;
				CLANG_WARN__DUPLICATE_METHOD_MATCH = YES;
				COPY_PHASE_STRIP = NO;
				DEBUG_INFORMATION_FORMAT = "dwarf-with-dsym";
				ENABLE_NS_ASSERTIONS = NO;
				ENABLE_STRICT_OBJC_MSGSEND = YES;
				GCC_C_LANGUAGE_STANDARD = gnu11;
				GCC_NO_COMMON_BLOCKS = YES;
				GCC_WARN_64_TO_32_BIT_CONVERSION = YES;
				GCC_WARN_ABOUT_RETURN_TYPE = YES_ERROR;
				GCC_WARN_UNDECLARED_SELECTOR = YES;
				GCC_WARN_UNINITIALIZED_AUTOS = YES_AGGRESSIVE;
				GCC_WARN_UNUSED_FUNCTION = YES;
				GCC_WARN_UNUSED_VARIABLE = YES;
				IPHONEOS_DEPLOYMENT_TARGET = 13.2;
				MTL_ENABLE_DEBUG_INFO = NO;
				MTL_FAST_MATH = YES;
				SDKROOT = iphoneos;
				SWIFT_COMPILATION_MODE = wholemodule;
				SWIFT_OPTIMIZATION_LEVEL = "-O";
				VALIDATE_PRODUCT = YES;
			};
			name = Release;
		};
		B924DE4623E302BB00D1B11B /* Debug */ = {
			isa = XCBuildConfiguration;
			buildSettings = {
				ASSETCATALOG_COMPILER_APPICON_NAME = AppIcon;
				CODE_SIGN_STYLE = Automatic;
				DEVELOPMENT_ASSET_PATHS = "\"Coronacheck/Preview Content\"";
				DEVELOPMENT_TEAM = 74N8K5J2N7;
				ENABLE_PREVIEWS = YES;
				INFOPLIST_FILE = Coronacheck/Info.plist;
				LD_RUNPATH_SEARCH_PATHS = (
					"$(inherited)",
					"@executable_path/Frameworks",
				);
				PRODUCT_BUNDLE_IDENTIFIER = com.julianschiavo.Coronacheck;
				PRODUCT_NAME = "$(TARGET_NAME)";
				SWIFT_VERSION = 5.0;
				TARGETED_DEVICE_FAMILY = "1,2";
			};
			name = Debug;
		};
		B924DE4723E302BB00D1B11B /* Release */ = {
			isa = XCBuildConfiguration;
			buildSettings = {
				ASSETCATALOG_COMPILER_APPICON_NAME = AppIcon;
				CODE_SIGN_STYLE = Automatic;
				DEVELOPMENT_ASSET_PATHS = "\"Coronacheck/Preview Content\"";
				DEVELOPMENT_TEAM = 74N8K5J2N7;
				ENABLE_PREVIEWS = YES;
				INFOPLIST_FILE = Coronacheck/Info.plist;
				LD_RUNPATH_SEARCH_PATHS = (
					"$(inherited)",
					"@executable_path/Frameworks",
				);
				PRODUCT_BUNDLE_IDENTIFIER = com.julianschiavo.Coronacheck;
				PRODUCT_NAME = "$(TARGET_NAME)";
				SWIFT_VERSION = 5.0;
				TARGETED_DEVICE_FAMILY = "1,2";
			};
			name = Release;
		};
/* End XCBuildConfiguration section */

/* Begin XCConfigurationList section */
		B924DE2C23E302B500D1B11B /* Build configuration list for PBXProject "Coronacheck" */ = {
			isa = XCConfigurationList;
			buildConfigurations = (
				B924DE4323E302BB00D1B11B /* Debug */,
				B924DE4423E302BB00D1B11B /* Release */,
			);
			defaultConfigurationIsVisible = 0;
			defaultConfigurationName = Release;
		};
		B924DE4523E302BB00D1B11B /* Build configuration list for PBXNativeTarget "Coronacheck" */ = {
			isa = XCConfigurationList;
			buildConfigurations = (
				B924DE4623E302BB00D1B11B /* Debug */,
				B924DE4723E302BB00D1B11B /* Release */,
			);
			defaultConfigurationIsVisible = 0;
			defaultConfigurationName = Release;
		};
/* End XCConfigurationList section */
	};
	rootObject = B924DE2923E302B500D1B11B /* Project object */;
}
