// !$*UTF8*$!
{
	archiveVersion = 1;
	classes = {
	};
	objectVersion = 50;
	objects = {

/* Begin PBXBuildFile section */
		B902958E241DEF130028695E /* InfoView.swift in Sources */ = {isa = PBXBuildFile; fileRef = B902958D241DEF130028695E /* InfoView.swift */; };
		B9029590241DF8630028695E /* TokenList.swift in Sources */ = {isa = PBXBuildFile; fileRef = B902958F241DF8630028695E /* TokenList.swift */; };
		B9029591241DF8630028695E /* TokenList.swift in Sources */ = {isa = PBXBuildFile; fileRef = B902958F241DF8630028695E /* TokenList.swift */; };
		B90821632417C7EF00ECE461 /* Images.swift in Sources */ = {isa = PBXBuildFile; fileRef = B90821622417C7EF00ECE461 /* Images.swift */; };
		B90821692417C9F600ECE461 /* RegionList.swift in Sources */ = {isa = PBXBuildFile; fileRef = B924DE4E23E3076900D1B11B /* RegionList.swift */; };
		B908216A2417C9F600ECE461 /* CountryRow.swift in Sources */ = {isa = PBXBuildFile; fileRef = B924DE5023E307BF00D1B11B /* CountryRow.swift */; };
		B908216B2417C9F600ECE461 /* Token.swift in Sources */ = {isa = PBXBuildFile; fileRef = B986990924112BFE00947D03 /* Token.swift */; };
		B908216D2417C9F600ECE461 /* CountryInfo.swift in Sources */ = {isa = PBXBuildFile; fileRef = B924DE4823E302FA00D1B11B /* CountryInfo.swift */; };
		B908216E2417C9F600ECE461 /* DataManager.swift in Sources */ = {isa = PBXBuildFile; fileRef = B924DE4A23E3038B00D1B11B /* DataManager.swift */; };
		B908216F2417C9F600ECE461 /* RegionCountryData.swift in Sources */ = {isa = PBXBuildFile; fileRef = B924DE5223E30CC500D1B11B /* RegionCountryData.swift */; };
		B90821702417C9F600ECE461 /* Images.swift in Sources */ = {isa = PBXBuildFile; fileRef = B90821622417C7EF00ECE461 /* Images.swift */; };
		B90821712417C9F600ECE461 /* String-Extensions.swift in Sources */ = {isa = PBXBuildFile; fileRef = B928435523EFADC0009E87AE /* String-Extensions.swift */; };
		B90821722417C9F600ECE461 /* UIFont-Improved.swift in Sources */ = {isa = PBXBuildFile; fileRef = B924DE5423E3BC3600D1B11B /* UIFont-Improved.swift */; };
		B90821732417C9F600ECE461 /* Flags.xcassets in Resources */ = {isa = PBXBuildFile; fileRef = B92E3A582414BE2A001D3A78 /* Flags.xcassets */; };
		B92471D62421024E00CB94BF /* DataSource.swift in Sources */ = {isa = PBXBuildFile; fileRef = B92471D52421024E00CB94BF /* DataSource.swift */; };
		B92471D8242102B900CB94BF /* SCMPDataSource.swift in Sources */ = {isa = PBXBuildFile; fileRef = B92471D7242102B900CB94BF /* SCMPDataSource.swift */; };
		B92471D92421071C00CB94BF /* SCMPDataSource.swift in Sources */ = {isa = PBXBuildFile; fileRef = B92471D7242102B900CB94BF /* SCMPDataSource.swift */; };
		B92471DA2421075A00CB94BF /* DataSource.swift in Sources */ = {isa = PBXBuildFile; fileRef = B92471D52421024E00CB94BF /* DataSource.swift */; };
		B92471DC24210A2300CB94BF /* BingDataSource.swift in Sources */ = {isa = PBXBuildFile; fileRef = B92471DB24210A2300CB94BF /* BingDataSource.swift */; };
		B92471DD24210A2300CB94BF /* BingDataSource.swift in Sources */ = {isa = PBXBuildFile; fileRef = B92471DB24210A2300CB94BF /* BingDataSource.swift */; };
		B92471DF24219F8300CB94BF /* Preferences.swift in Sources */ = {isa = PBXBuildFile; fileRef = B92471DE24219F8300CB94BF /* Preferences.swift */; };
		B92471E024219F8300CB94BF /* Preferences.swift in Sources */ = {isa = PBXBuildFile; fileRef = B92471DE24219F8300CB94BF /* Preferences.swift */; };
		B92471E22421A6AB00CB94BF /* PreferenceView.swift in Sources */ = {isa = PBXBuildFile; fileRef = B92471E12421A6AB00CB94BF /* PreferenceView.swift */; };
		B924DE3523E302B500D1B11B /* AppDelegate.swift in Sources */ = {isa = PBXBuildFile; fileRef = B924DE3423E302B500D1B11B /* AppDelegate.swift */; };
		B924DE3723E302B500D1B11B /* SceneDelegate.swift in Sources */ = {isa = PBXBuildFile; fileRef = B924DE3623E302B500D1B11B /* SceneDelegate.swift */; };
		B924DE3B23E302BB00D1B11B /* Assets.xcassets in Resources */ = {isa = PBXBuildFile; fileRef = B924DE3A23E302BB00D1B11B /* Assets.xcassets */; };
		B924DE4123E302BB00D1B11B /* LaunchScreen.storyboard in Resources */ = {isa = PBXBuildFile; fileRef = B924DE3F23E302BB00D1B11B /* LaunchScreen.storyboard */; };
		B924DE4923E302FA00D1B11B /* CountryInfo.swift in Sources */ = {isa = PBXBuildFile; fileRef = B924DE4823E302FA00D1B11B /* CountryInfo.swift */; };
		B924DE4B23E3038B00D1B11B /* DataManager.swift in Sources */ = {isa = PBXBuildFile; fileRef = B924DE4A23E3038B00D1B11B /* DataManager.swift */; };
		B924DE4F23E3076900D1B11B /* RegionList.swift in Sources */ = {isa = PBXBuildFile; fileRef = B924DE4E23E3076900D1B11B /* RegionList.swift */; };
		B924DE5123E307BF00D1B11B /* CountryRow.swift in Sources */ = {isa = PBXBuildFile; fileRef = B924DE5023E307BF00D1B11B /* CountryRow.swift */; };
		B924DE5323E30CC500D1B11B /* RegionCountryData.swift in Sources */ = {isa = PBXBuildFile; fileRef = B924DE5223E30CC500D1B11B /* RegionCountryData.swift */; };
		B924DE5523E3BC3600D1B11B /* UIFont-Improved.swift in Sources */ = {isa = PBXBuildFile; fileRef = B924DE5423E3BC3600D1B11B /* UIFont-Improved.swift */; };
		B928435623EFADC0009E87AE /* String-Extensions.swift in Sources */ = {isa = PBXBuildFile; fileRef = B928435523EFADC0009E87AE /* String-Extensions.swift */; };
		B92E3A182414AEE5001D3A78 /* Interface.storyboard in Resources */ = {isa = PBXBuildFile; fileRef = B92E3A162414AEE5001D3A78 /* Interface.storyboard */; };
		B92E3A1A2414AEEC001D3A78 /* Assets.xcassets in Resources */ = {isa = PBXBuildFile; fileRef = B92E3A192414AEEC001D3A78 /* Assets.xcassets */; };
		B92E3A212414AEED001D3A78 /* Watch App Extension.appex in Embed App Extensions */ = {isa = PBXBuildFile; fileRef = B92E3A202414AEED001D3A78 /* Watch App Extension.appex */; settings = {ATTRIBUTES = (RemoveHeadersOnCopy, ); }; };
		B92E3A282414AEED001D3A78 /* HostingController.swift in Sources */ = {isa = PBXBuildFile; fileRef = B92E3A272414AEED001D3A78 /* HostingController.swift */; };
		B92E3A2A2414AEED001D3A78 /* ExtensionDelegate.swift in Sources */ = {isa = PBXBuildFile; fileRef = B92E3A292414AEED001D3A78 /* ExtensionDelegate.swift */; };
		B92E3A2C2414AEED001D3A78 /* ComplicationController.swift in Sources */ = {isa = PBXBuildFile; fileRef = B92E3A2B2414AEED001D3A78 /* ComplicationController.swift */; };
		B92E3A2E2414AEEF001D3A78 /* Assets.xcassets in Resources */ = {isa = PBXBuildFile; fileRef = B92E3A2D2414AEEF001D3A78 /* Assets.xcassets */; };
		B92E3A352414AEEF001D3A78 /* Watch App.app in Embed Watch Content */ = {isa = PBXBuildFile; fileRef = B92E3A142414AEE5001D3A78 /* Watch App.app */; settings = {ATTRIBUTES = (RemoveHeadersOnCopy, ); }; };
		B92E3A4A2414AF3F001D3A78 /* WatchBaseView.swift in Sources */ = {isa = PBXBuildFile; fileRef = B924DE3823E302B500D1B11B /* WatchBaseView.swift */; };
		B92E3A552414AF5C001D3A78 /* iOSBaseView.swift in Sources */ = {isa = PBXBuildFile; fileRef = B92E3A542414AF5C001D3A78 /* iOSBaseView.swift */; };
		B92E3A592414BE2A001D3A78 /* Flags.xcassets in Resources */ = {isa = PBXBuildFile; fileRef = B92E3A582414BE2A001D3A78 /* Flags.xcassets */; };
		B986990A24112BFE00947D03 /* Token.swift in Sources */ = {isa = PBXBuildFile; fileRef = B986990924112BFE00947D03 /* Token.swift */; };
		B98BC92E24186B8A00E6937D /* WidthCalculation.swift in Sources */ = {isa = PBXBuildFile; fileRef = B98BC92D24186B8A00E6937D /* WidthCalculation.swift */; };
		B98BC92F24186B8A00E6937D /* WidthCalculation.swift in Sources */ = {isa = PBXBuildFile; fileRef = B98BC92D24186B8A00E6937D /* WidthCalculation.swift */; };
		B98BC93124186BA400E6937D /* ListButton.swift in Sources */ = {isa = PBXBuildFile; fileRef = B98BC93024186BA400E6937D /* ListButton.swift */; };
		B98BC93224186BA400E6937D /* ListButton.swift in Sources */ = {isa = PBXBuildFile; fileRef = B98BC93024186BA400E6937D /* ListButton.swift */; };
		B98BC93424186CAE00E6937D /* RegionInfoSection.swift in Sources */ = {isa = PBXBuildFile; fileRef = B98BC93324186CAE00E6937D /* RegionInfoSection.swift */; };
		B98BC93524186CAE00E6937D /* RegionInfoSection.swift in Sources */ = {isa = PBXBuildFile; fileRef = B98BC93324186CAE00E6937D /* RegionInfoSection.swift */; };
/* End PBXBuildFile section */

/* Begin PBXContainerItemProxy section */
		B92E3A222414AEED001D3A78 /* PBXContainerItemProxy */ = {
			isa = PBXContainerItemProxy;
			containerPortal = B924DE2923E302B500D1B11B /* Project object */;
			proxyType = 1;
			remoteGlobalIDString = B92E3A1F2414AEED001D3A78;
			remoteInfo = "Watch App Extension";
		};
		B92E3A332414AEEF001D3A78 /* PBXContainerItemProxy */ = {
			isa = PBXContainerItemProxy;
			containerPortal = B924DE2923E302B500D1B11B /* Project object */;
			proxyType = 1;
			remoteGlobalIDString = B92E3A132414AEE5001D3A78;
			remoteInfo = "Watch App";
		};
/* End PBXContainerItemProxy section */

/* Begin PBXCopyFilesBuildPhase section */
		B92E3A362414AEEF001D3A78 /* Embed Watch Content */ = {
			isa = PBXCopyFilesBuildPhase;
			buildActionMask = 2147483647;
			dstPath = "$(CONTENTS_FOLDER_PATH)/Watch";
			dstSubfolderSpec = 16;
			files = (
				B92E3A352414AEEF001D3A78 /* Watch App.app in Embed Watch Content */,
			);
			name = "Embed Watch Content";
			runOnlyForDeploymentPostprocessing = 0;
		};
		B92E3A392414AEEF001D3A78 /* Embed App Extensions */ = {
			isa = PBXCopyFilesBuildPhase;
			buildActionMask = 2147483647;
			dstPath = "";
			dstSubfolderSpec = 13;
			files = (
				B92E3A212414AEED001D3A78 /* Watch App Extension.appex in Embed App Extensions */,
			);
			name = "Embed App Extensions";
			runOnlyForDeploymentPostprocessing = 0;
		};
/* End PBXCopyFilesBuildPhase section */

/* Begin PBXFileReference section */
		B902958D241DEF130028695E /* InfoView.swift */ = {isa = PBXFileReference; lastKnownFileType = sourcecode.swift; path = InfoView.swift; sourceTree = "<group>"; };
		B902958F241DF8630028695E /* TokenList.swift */ = {isa = PBXFileReference; lastKnownFileType = sourcecode.swift; path = TokenList.swift; sourceTree = "<group>"; };
		B90821622417C7EF00ECE461 /* Images.swift */ = {isa = PBXFileReference; lastKnownFileType = sourcecode.swift; path = Images.swift; sourceTree = "<group>"; };
		B92471D52421024E00CB94BF /* DataSource.swift */ = {isa = PBXFileReference; lastKnownFileType = sourcecode.swift; path = DataSource.swift; sourceTree = "<group>"; };
		B92471D7242102B900CB94BF /* SCMPDataSource.swift */ = {isa = PBXFileReference; lastKnownFileType = sourcecode.swift; path = SCMPDataSource.swift; sourceTree = "<group>"; };
		B92471DB24210A2300CB94BF /* BingDataSource.swift */ = {isa = PBXFileReference; lastKnownFileType = sourcecode.swift; path = BingDataSource.swift; sourceTree = "<group>"; };
		B92471DE24219F8300CB94BF /* Preferences.swift */ = {isa = PBXFileReference; lastKnownFileType = sourcecode.swift; path = Preferences.swift; sourceTree = "<group>"; };
		B92471E12421A6AB00CB94BF /* PreferenceView.swift */ = {isa = PBXFileReference; lastKnownFileType = sourcecode.swift; path = PreferenceView.swift; sourceTree = "<group>"; };
		B924DE3123E302B500D1B11B /* Covidcheck.app */ = {isa = PBXFileReference; explicitFileType = wrapper.application; includeInIndex = 0; path = Covidcheck.app; sourceTree = BUILT_PRODUCTS_DIR; };
		B924DE3423E302B500D1B11B /* AppDelegate.swift */ = {isa = PBXFileReference; lastKnownFileType = sourcecode.swift; path = AppDelegate.swift; sourceTree = "<group>"; };
		B924DE3623E302B500D1B11B /* SceneDelegate.swift */ = {isa = PBXFileReference; lastKnownFileType = sourcecode.swift; path = SceneDelegate.swift; sourceTree = "<group>"; };
		B924DE3823E302B500D1B11B /* WatchBaseView.swift */ = {isa = PBXFileReference; lastKnownFileType = sourcecode.swift; path = WatchBaseView.swift; sourceTree = "<group>"; };
		B924DE3A23E302BB00D1B11B /* Assets.xcassets */ = {isa = PBXFileReference; lastKnownFileType = folder.assetcatalog; path = Assets.xcassets; sourceTree = "<group>"; };
		B924DE4023E302BB00D1B11B /* Base */ = {isa = PBXFileReference; lastKnownFileType = file.storyboard; name = Base; path = Base.lproj/LaunchScreen.storyboard; sourceTree = "<group>"; };
		B924DE4223E302BB00D1B11B /* Info.plist */ = {isa = PBXFileReference; lastKnownFileType = text.plist.xml; path = Info.plist; sourceTree = "<group>"; };
		B924DE4823E302FA00D1B11B /* CountryInfo.swift */ = {isa = PBXFileReference; lastKnownFileType = sourcecode.swift; path = CountryInfo.swift; sourceTree = "<group>"; };
		B924DE4A23E3038B00D1B11B /* DataManager.swift */ = {isa = PBXFileReference; lastKnownFileType = sourcecode.swift; path = DataManager.swift; sourceTree = "<group>"; };
		B924DE4E23E3076900D1B11B /* RegionList.swift */ = {isa = PBXFileReference; lastKnownFileType = sourcecode.swift; path = RegionList.swift; sourceTree = "<group>"; };
		B924DE5023E307BF00D1B11B /* CountryRow.swift */ = {isa = PBXFileReference; lastKnownFileType = sourcecode.swift; path = CountryRow.swift; sourceTree = "<group>"; };
		B924DE5223E30CC500D1B11B /* RegionCountryData.swift */ = {isa = PBXFileReference; lastKnownFileType = sourcecode.swift; path = RegionCountryData.swift; sourceTree = "<group>"; };
		B924DE5423E3BC3600D1B11B /* UIFont-Improved.swift */ = {isa = PBXFileReference; lastKnownFileType = sourcecode.swift; path = "UIFont-Improved.swift"; sourceTree = "<group>"; };
		B928435523EFADC0009E87AE /* String-Extensions.swift */ = {isa = PBXFileReference; lastKnownFileType = sourcecode.swift; path = "String-Extensions.swift"; sourceTree = "<group>"; };
		B92E3A142414AEE5001D3A78 /* Watch App.app */ = {isa = PBXFileReference; explicitFileType = wrapper.application; includeInIndex = 0; path = "Watch App.app"; sourceTree = BUILT_PRODUCTS_DIR; };
		B92E3A172414AEE5001D3A78 /* Base */ = {isa = PBXFileReference; lastKnownFileType = file.storyboard; name = Base; path = Base.lproj/Interface.storyboard; sourceTree = "<group>"; };
		B92E3A192414AEEC001D3A78 /* Assets.xcassets */ = {isa = PBXFileReference; lastKnownFileType = folder.assetcatalog; path = Assets.xcassets; sourceTree = "<group>"; };
		B92E3A1B2414AEEC001D3A78 /* Info.plist */ = {isa = PBXFileReference; lastKnownFileType = text.plist.xml; path = Info.plist; sourceTree = "<group>"; };
		B92E3A202414AEED001D3A78 /* Watch App Extension.appex */ = {isa = PBXFileReference; explicitFileType = "wrapper.app-extension"; includeInIndex = 0; path = "Watch App Extension.appex"; sourceTree = BUILT_PRODUCTS_DIR; };
		B92E3A272414AEED001D3A78 /* HostingController.swift */ = {isa = PBXFileReference; lastKnownFileType = sourcecode.swift; path = HostingController.swift; sourceTree = "<group>"; };
		B92E3A292414AEED001D3A78 /* ExtensionDelegate.swift */ = {isa = PBXFileReference; lastKnownFileType = sourcecode.swift; path = ExtensionDelegate.swift; sourceTree = "<group>"; };
		B92E3A2B2414AEED001D3A78 /* ComplicationController.swift */ = {isa = PBXFileReference; lastKnownFileType = sourcecode.swift; path = ComplicationController.swift; sourceTree = "<group>"; };
		B92E3A2D2414AEEF001D3A78 /* Assets.xcassets */ = {isa = PBXFileReference; lastKnownFileType = folder.assetcatalog; path = Assets.xcassets; sourceTree = "<group>"; };
		B92E3A322414AEEF001D3A78 /* Info.plist */ = {isa = PBXFileReference; lastKnownFileType = text.plist.xml; path = Info.plist; sourceTree = "<group>"; };
		B92E3A542414AF5C001D3A78 /* iOSBaseView.swift */ = {isa = PBXFileReference; lastKnownFileType = sourcecode.swift; path = iOSBaseView.swift; sourceTree = "<group>"; };
		B92E3A582414BE2A001D3A78 /* Flags.xcassets */ = {isa = PBXFileReference; lastKnownFileType = folder.assetcatalog; path = Flags.xcassets; sourceTree = "<group>"; };
		B986990924112BFE00947D03 /* Token.swift */ = {isa = PBXFileReference; lastKnownFileType = sourcecode.swift; path = Token.swift; sourceTree = "<group>"; };
		B98BC92D24186B8A00E6937D /* WidthCalculation.swift */ = {isa = PBXFileReference; lastKnownFileType = sourcecode.swift; path = WidthCalculation.swift; sourceTree = "<group>"; };
		B98BC93024186BA400E6937D /* ListButton.swift */ = {isa = PBXFileReference; lastKnownFileType = sourcecode.swift; path = ListButton.swift; sourceTree = "<group>"; };
		B98BC93324186CAE00E6937D /* RegionInfoSection.swift */ = {isa = PBXFileReference; lastKnownFileType = sourcecode.swift; path = RegionInfoSection.swift; sourceTree = "<group>"; };
/* End PBXFileReference section */

/* Begin PBXFrameworksBuildPhase section */
		B924DE2E23E302B500D1B11B /* Frameworks */ = {
			isa = PBXFrameworksBuildPhase;
			buildActionMask = 2147483647;
			files = (
			);
			runOnlyForDeploymentPostprocessing = 0;
		};
		B92E3A1D2414AEED001D3A78 /* Frameworks */ = {
			isa = PBXFrameworksBuildPhase;
			buildActionMask = 2147483647;
			files = (
			);
			runOnlyForDeploymentPostprocessing = 0;
		};
/* End PBXFrameworksBuildPhase section */

/* Begin PBXGroup section */
		B90821642417C99600ECE461 /* Extensions */ = {
			isa = PBXGroup;
			children = (
				B928435523EFADC0009E87AE /* String-Extensions.swift */,
				B924DE5423E3BC3600D1B11B /* UIFont-Improved.swift */,
			);
			path = Extensions;
			sourceTree = "<group>";
		};
		B90821652417C99F00ECE461 /* Assets */ = {
			isa = PBXGroup;
			children = (
				B92E3A582414BE2A001D3A78 /* Flags.xcassets */,
			);
			path = Assets;
			sourceTree = "<group>";
		};
		B90821662417C9A800ECE461 /* Preset */ = {
			isa = PBXGroup;
			children = (
				B924DE5223E30CC500D1B11B /* RegionCountryData.swift */,
				B90821622417C7EF00ECE461 /* Images.swift */,
			);
			path = Preset;
			sourceTree = "<group>";
		};
		B92471D42421020700CB94BF /* Sources */ = {
			isa = PBXGroup;
			children = (
				B92471D52421024E00CB94BF /* DataSource.swift */,
				B92471D7242102B900CB94BF /* SCMPDataSource.swift */,
				B92471DB24210A2300CB94BF /* BingDataSource.swift */,
			);
			path = Sources;
			sourceTree = "<group>";
		};
		B924DE2823E302B500D1B11B = {
			isa = PBXGroup;
			children = (
				B924DE3323E302B500D1B11B /* Covidcheck */,
				B92E3A3E2414AF06001D3A78 /* Shared */,
				B92E3A152414AEE5001D3A78 /* Watch App */,
				B92E3A242414AEED001D3A78 /* Watch App Extension */,
				B924DE3223E302B500D1B11B /* Products */,
				B92E3A612414C886001D3A78 /* Frameworks */,
			);
			sourceTree = "<group>";
		};
		B924DE3223E302B500D1B11B /* Products */ = {
			isa = PBXGroup;
			children = (
				B924DE3123E302B500D1B11B /* Covidcheck.app */,
				B92E3A142414AEE5001D3A78 /* Watch App.app */,
				B92E3A202414AEED001D3A78 /* Watch App Extension.appex */,
			);
			name = Products;
			sourceTree = "<group>";
		};
		B924DE3323E302B500D1B11B /* Covidcheck */ = {
			isa = PBXGroup;
			children = (
				B924DE3423E302B500D1B11B /* AppDelegate.swift */,
				B924DE3623E302B500D1B11B /* SceneDelegate.swift */,
				B92E3A542414AF5C001D3A78 /* iOSBaseView.swift */,
				B902958D241DEF130028695E /* InfoView.swift */,
				B92471DE24219F8300CB94BF /* Preferences.swift */,
				B92471E12421A6AB00CB94BF /* PreferenceView.swift */,
				B924DE3A23E302BB00D1B11B /* Assets.xcassets */,
				B924DE3F23E302BB00D1B11B /* LaunchScreen.storyboard */,
				B924DE4223E302BB00D1B11B /* Info.plist */,
			);
			path = Covidcheck;
			sourceTree = "<group>";
		};
		B92E3A152414AEE5001D3A78 /* Watch App */ = {
			isa = PBXGroup;
			children = (
				B92E3A162414AEE5001D3A78 /* Interface.storyboard */,
				B92E3A192414AEEC001D3A78 /* Assets.xcassets */,
				B92E3A1B2414AEEC001D3A78 /* Info.plist */,
			);
			path = "Watch App";
			sourceTree = "<group>";
		};
		B92E3A242414AEED001D3A78 /* Watch App Extension */ = {
			isa = PBXGroup;
			children = (
				B924DE3823E302B500D1B11B /* WatchBaseView.swift */,
				B92E3A272414AEED001D3A78 /* HostingController.swift */,
				B92E3A292414AEED001D3A78 /* ExtensionDelegate.swift */,
				B92E3A2B2414AEED001D3A78 /* ComplicationController.swift */,
				B92E3A2D2414AEEF001D3A78 /* Assets.xcassets */,
				B92E3A322414AEEF001D3A78 /* Info.plist */,
			);
			path = "Watch App Extension";
			sourceTree = "<group>";
		};
		B92E3A3E2414AF06001D3A78 /* Shared */ = {
			isa = PBXGroup;
			children = (
				B924DE4E23E3076900D1B11B /* RegionList.swift */,
				B98BC93324186CAE00E6937D /* RegionInfoSection.swift */,
				B924DE5023E307BF00D1B11B /* CountryRow.swift */,
				B98BC92C24186B6900E6937D /* Data */,
				B90821662417C9A800ECE461 /* Preset */,
				B98BC92B24186B3E00E6937D /* Reusable */,
				B90821642417C99600ECE461 /* Extensions */,
				B90821652417C99F00ECE461 /* Assets */,
			);
			path = Shared;
			sourceTree = "<group>";
		};
		B92E3A612414C886001D3A78 /* Frameworks */ = {
			isa = PBXGroup;
			children = (
			);
			name = Frameworks;
			sourceTree = "<group>";
		};
		B98BC92B24186B3E00E6937D /* Reusable */ = {
			isa = PBXGroup;
			children = (
				B98BC93024186BA400E6937D /* ListButton.swift */,
				B986990924112BFE00947D03 /* Token.swift */,
				B902958F241DF8630028695E /* TokenList.swift */,
				B98BC92D24186B8A00E6937D /* WidthCalculation.swift */,
			);
			path = Reusable;
			sourceTree = "<group>";
		};
		B98BC92C24186B6900E6937D /* Data */ = {
			isa = PBXGroup;
			children = (
				B924DE4823E302FA00D1B11B /* CountryInfo.swift */,
				B924DE4A23E3038B00D1B11B /* DataManager.swift */,
				B92471D42421020700CB94BF /* Sources */,
			);
			path = Data;
			sourceTree = "<group>";
		};
/* End PBXGroup section */

/* Begin PBXNativeTarget section */
		B924DE3023E302B500D1B11B /* Covidcheck */ = {
			isa = PBXNativeTarget;
			buildConfigurationList = B924DE4523E302BB00D1B11B /* Build configuration list for PBXNativeTarget "Covidcheck" */;
			buildPhases = (
				B924DE2D23E302B500D1B11B /* Sources */,
				B924DE2E23E302B500D1B11B /* Frameworks */,
				B924DE2F23E302B500D1B11B /* Resources */,
				B92E3A362414AEEF001D3A78 /* Embed Watch Content */,
			);
			buildRules = (
			);
			dependencies = (
				B92E3A342414AEEF001D3A78 /* PBXTargetDependency */,
			);
			name = Covidcheck;
			packageProductDependencies = (
			);
			productName = Coronacheck;
			productReference = B924DE3123E302B500D1B11B /* Covidcheck.app */;
			productType = "com.apple.product-type.application";
		};
		B92E3A132414AEE5001D3A78 /* Watch App */ = {
			isa = PBXNativeTarget;
			buildConfigurationList = B92E3A3D2414AEEF001D3A78 /* Build configuration list for PBXNativeTarget "Watch App" */;
			buildPhases = (
				B92E3A122414AEE5001D3A78 /* Resources */,
				B92E3A392414AEEF001D3A78 /* Embed App Extensions */,
			);
			buildRules = (
			);
			dependencies = (
				B92E3A232414AEED001D3A78 /* PBXTargetDependency */,
			);
			name = "Watch App";
			productName = "Watch App";
			productReference = B92E3A142414AEE5001D3A78 /* Watch App.app */;
			productType = "com.apple.product-type.application.watchapp2";
		};
		B92E3A1F2414AEED001D3A78 /* Watch App Extension */ = {
			isa = PBXNativeTarget;
			buildConfigurationList = B92E3A3C2414AEEF001D3A78 /* Build configuration list for PBXNativeTarget "Watch App Extension" */;
			buildPhases = (
				B92E3A1C2414AEED001D3A78 /* Sources */,
				B92E3A1D2414AEED001D3A78 /* Frameworks */,
				B92E3A1E2414AEED001D3A78 /* Resources */,
			);
			buildRules = (
			);
			dependencies = (
			);
			name = "Watch App Extension";
			packageProductDependencies = (
			);
			productName = "Watch App Extension";
			productReference = B92E3A202414AEED001D3A78 /* Watch App Extension.appex */;
			productType = "com.apple.product-type.watchkit2-extension";
		};
/* End PBXNativeTarget section */

/* Begin PBXProject section */
		B924DE2923E302B500D1B11B /* Project object */ = {
			isa = PBXProject;
			attributes = {
				LastSwiftUpdateCheck = 1130;
				LastUpgradeCheck = 1120;
				ORGANIZATIONNAME = "Julian Schiavo";
				TargetAttributes = {
					B924DE3023E302B500D1B11B = {
						CreatedOnToolsVersion = 11.2.1;
					};
					B92E3A132414AEE5001D3A78 = {
						CreatedOnToolsVersion = 11.3.1;
					};
					B92E3A1F2414AEED001D3A78 = {
						CreatedOnToolsVersion = 11.3.1;
					};
				};
			};
			buildConfigurationList = B924DE2C23E302B500D1B11B /* Build configuration list for PBXProject "Covidcheck" */;
			compatibilityVersion = "Xcode 9.3";
			developmentRegion = en;
			hasScannedForEncodings = 0;
			knownRegions = (
				en,
				Base,
			);
			mainGroup = B924DE2823E302B500D1B11B;
			packageReferences = (
			);
			productRefGroup = B924DE3223E302B500D1B11B /* Products */;
			projectDirPath = "";
			projectRoot = "";
			targets = (
				B924DE3023E302B500D1B11B /* Covidcheck */,
				B92E3A132414AEE5001D3A78 /* Watch App */,
				B92E3A1F2414AEED001D3A78 /* Watch App Extension */,
			);
		};
/* End PBXProject section */

/* Begin PBXResourcesBuildPhase section */
		B924DE2F23E302B500D1B11B /* Resources */ = {
			isa = PBXResourcesBuildPhase;
			buildActionMask = 2147483647;
			files = (
				B924DE4123E302BB00D1B11B /* LaunchScreen.storyboard in Resources */,
				B92E3A592414BE2A001D3A78 /* Flags.xcassets in Resources */,
				B924DE3B23E302BB00D1B11B /* Assets.xcassets in Resources */,
			);
			runOnlyForDeploymentPostprocessing = 0;
		};
		B92E3A122414AEE5001D3A78 /* Resources */ = {
			isa = PBXResourcesBuildPhase;
			buildActionMask = 2147483647;
			files = (
				B92E3A1A2414AEEC001D3A78 /* Assets.xcassets in Resources */,
				B92E3A182414AEE5001D3A78 /* Interface.storyboard in Resources */,
			);
			runOnlyForDeploymentPostprocessing = 0;
		};
		B92E3A1E2414AEED001D3A78 /* Resources */ = {
			isa = PBXResourcesBuildPhase;
			buildActionMask = 2147483647;
			files = (
				B92E3A2E2414AEEF001D3A78 /* Assets.xcassets in Resources */,
				B90821732417C9F600ECE461 /* Flags.xcassets in Resources */,
			);
			runOnlyForDeploymentPostprocessing = 0;
		};
/* End PBXResourcesBuildPhase section */

/* Begin PBXSourcesBuildPhase section */
		B924DE2D23E302B500D1B11B /* Sources */ = {
			isa = PBXSourcesBuildPhase;
			buildActionMask = 2147483647;
			files = (
				B92471D8242102B900CB94BF /* SCMPDataSource.swift in Sources */,
				B98BC92E24186B8A00E6937D /* WidthCalculation.swift in Sources */,
				B924DE4923E302FA00D1B11B /* CountryInfo.swift in Sources */,
				B924DE5323E30CC500D1B11B /* RegionCountryData.swift in Sources */,
				B928435623EFADC0009E87AE /* String-Extensions.swift in Sources */,
				B902958E241DEF130028695E /* InfoView.swift in Sources */,
				B986990A24112BFE00947D03 /* Token.swift in Sources */,
				B90821632417C7EF00ECE461 /* Images.swift in Sources */,
				B92471DF24219F8300CB94BF /* Preferences.swift in Sources */,
				B924DE4B23E3038B00D1B11B /* DataManager.swift in Sources */,
				B98BC93424186CAE00E6937D /* RegionInfoSection.swift in Sources */,
				B92471DC24210A2300CB94BF /* BingDataSource.swift in Sources */,
				B924DE3523E302B500D1B11B /* AppDelegate.swift in Sources */,
				B92E3A552414AF5C001D3A78 /* iOSBaseView.swift in Sources */,
				B924DE5523E3BC3600D1B11B /* UIFont-Improved.swift in Sources */,
				B924DE3723E302B500D1B11B /* SceneDelegate.swift in Sources */,
				B9029590241DF8630028695E /* TokenList.swift in Sources */,
				B92471D62421024E00CB94BF /* DataSource.swift in Sources */,
				B924DE4F23E3076900D1B11B /* RegionList.swift in Sources */,
				B98BC93124186BA400E6937D /* ListButton.swift in Sources */,
				B924DE5123E307BF00D1B11B /* CountryRow.swift in Sources */,
				B92471E22421A6AB00CB94BF /* PreferenceView.swift in Sources */,
			);
			runOnlyForDeploymentPostprocessing = 0;
		};
		B92E3A1C2414AEED001D3A78 /* Sources */ = {
			isa = PBXSourcesBuildPhase;
			buildActionMask = 2147483647;
			files = (
				B92E3A282414AEED001D3A78 /* HostingController.swift in Sources */,
				B90821702417C9F600ECE461 /* Images.swift in Sources */,
				B908216E2417C9F600ECE461 /* DataManager.swift in Sources */,
				B98BC93524186CAE00E6937D /* RegionInfoSection.swift in Sources */,
				B98BC93224186BA400E6937D /* ListButton.swift in Sources */,
				B98BC92F24186B8A00E6937D /* WidthCalculation.swift in Sources */,
				B92471DA2421075A00CB94BF /* DataSource.swift in Sources */,
				B908216D2417C9F600ECE461 /* CountryInfo.swift in Sources */,
				B92471E024219F8300CB94BF /* Preferences.swift in Sources */,
				B908216B2417C9F600ECE461 /* Token.swift in Sources */,
				B90821692417C9F600ECE461 /* RegionList.swift in Sources */,
				B92471DD24210A2300CB94BF /* BingDataSource.swift in Sources */,
				B90821712417C9F600ECE461 /* String-Extensions.swift in Sources */,
				B92E3A2C2414AEED001D3A78 /* ComplicationController.swift in Sources */,
				B92471D92421071C00CB94BF /* SCMPDataSource.swift in Sources */,
				B908216A2417C9F600ECE461 /* CountryRow.swift in Sources */,
				B92E3A4A2414AF3F001D3A78 /* WatchBaseView.swift in Sources */,
				B9029591241DF8630028695E /* TokenList.swift in Sources */,
				B90821722417C9F600ECE461 /* UIFont-Improved.swift in Sources */,
				B92E3A2A2414AEED001D3A78 /* ExtensionDelegate.swift in Sources */,
				B908216F2417C9F600ECE461 /* RegionCountryData.swift in Sources */,
			);
			runOnlyForDeploymentPostprocessing = 0;
		};
/* End PBXSourcesBuildPhase section */

/* Begin PBXTargetDependency section */
		B92E3A232414AEED001D3A78 /* PBXTargetDependency */ = {
			isa = PBXTargetDependency;
			target = B92E3A1F2414AEED001D3A78 /* Watch App Extension */;
			targetProxy = B92E3A222414AEED001D3A78 /* PBXContainerItemProxy */;
		};
		B92E3A342414AEEF001D3A78 /* PBXTargetDependency */ = {
			isa = PBXTargetDependency;
			target = B92E3A132414AEE5001D3A78 /* Watch App */;
			targetProxy = B92E3A332414AEEF001D3A78 /* PBXContainerItemProxy */;
		};
/* End PBXTargetDependency section */

/* Begin PBXVariantGroup section */
		B924DE3F23E302BB00D1B11B /* LaunchScreen.storyboard */ = {
			isa = PBXVariantGroup;
			children = (
				B924DE4023E302BB00D1B11B /* Base */,
			);
			name = LaunchScreen.storyboard;
			sourceTree = "<group>";
		};
		B92E3A162414AEE5001D3A78 /* Interface.storyboard */ = {
			isa = PBXVariantGroup;
			children = (
				B92E3A172414AEE5001D3A78 /* Base */,
			);
			name = Interface.storyboard;
			sourceTree = "<group>";
		};
/* End PBXVariantGroup section */

/* Begin XCBuildConfiguration section */
		B924DE4323E302BB00D1B11B /* Debug */ = {
			isa = XCBuildConfiguration;
			buildSettings = {
				ALWAYS_SEARCH_USER_PATHS = NO;
				CLANG_ANALYZER_NONNULL = YES;
				CLANG_ANALYZER_NUMBER_OBJECT_CONVERSION = YES_AGGRESSIVE;
				CLANG_CXX_LANGUAGE_STANDARD = "gnu++14";
				CLANG_CXX_LIBRARY = "libc++";
				CLANG_ENABLE_MODULES = YES;
				CLANG_ENABLE_OBJC_ARC = YES;
				CLANG_ENABLE_OBJC_WEAK = YES;
				CLANG_WARN_BLOCK_CAPTURE_AUTORELEASING = YES;
				CLANG_WARN_BOOL_CONVERSION = YES;
				CLANG_WARN_COMMA = YES;
				CLANG_WARN_CONSTANT_CONVERSION = YES;
				CLANG_WARN_DEPRECATED_OBJC_IMPLEMENTATIONS = YES;
				CLANG_WARN_DIRECT_OBJC_ISA_USAGE = YES_ERROR;
				CLANG_WARN_DOCUMENTATION_COMMENTS = YES;
				CLANG_WARN_EMPTY_BODY = YES;
				CLANG_WARN_ENUM_CONVERSION = YES;
				CLANG_WARN_INFINITE_RECURSION = YES;
				CLANG_WARN_INT_CONVERSION = YES;
				CLANG_WARN_NON_LITERAL_NULL_CONVERSION = YES;
				CLANG_WARN_OBJC_IMPLICIT_RETAIN_SELF = YES;
				CLANG_WARN_OBJC_LITERAL_CONVERSION = YES;
				CLANG_WARN_OBJC_ROOT_CLASS = YES_ERROR;
				CLANG_WARN_RANGE_LOOP_ANALYSIS = YES;
				CLANG_WARN_STRICT_PROTOTYPES = YES;
				CLANG_WARN_SUSPICIOUS_MOVE = YES;
				CLANG_WARN_UNGUARDED_AVAILABILITY = YES_AGGRESSIVE;
				CLANG_WARN_UNREACHABLE_CODE = YES;
				CLANG_WARN__DUPLICATE_METHOD_MATCH = YES;
				COPY_PHASE_STRIP = NO;
				DEBUG_INFORMATION_FORMAT = dwarf;
				ENABLE_STRICT_OBJC_MSGSEND = YES;
				ENABLE_TESTABILITY = YES;
				GCC_C_LANGUAGE_STANDARD = gnu11;
				GCC_DYNAMIC_NO_PIC = NO;
				GCC_NO_COMMON_BLOCKS = YES;
				GCC_OPTIMIZATION_LEVEL = 0;
				GCC_PREPROCESSOR_DEFINITIONS = (
					"DEBUG=1",
					"$(inherited)",
				);
				GCC_WARN_64_TO_32_BIT_CONVERSION = YES;
				GCC_WARN_ABOUT_RETURN_TYPE = YES_ERROR;
				GCC_WARN_UNDECLARED_SELECTOR = YES;
				GCC_WARN_UNINITIALIZED_AUTOS = YES_AGGRESSIVE;
				GCC_WARN_UNUSED_FUNCTION = YES;
				GCC_WARN_UNUSED_VARIABLE = YES;
				IPHONEOS_DEPLOYMENT_TARGET = 13.2;
				MTL_ENABLE_DEBUG_INFO = INCLUDE_SOURCE;
				MTL_FAST_MATH = YES;
				ONLY_ACTIVE_ARCH = YES;
				SDKROOT = iphoneos;
				SWIFT_ACTIVE_COMPILATION_CONDITIONS = DEBUG;
				SWIFT_OPTIMIZATION_LEVEL = "-Onone";
			};
			name = Debug;
		};
		B924DE4423E302BB00D1B11B /* Release */ = {
			isa = XCBuildConfiguration;
			buildSettings = {
				ALWAYS_SEARCH_USER_PATHS = NO;
				CLANG_ANALYZER_NONNULL = YES;
				CLANG_ANALYZER_NUMBER_OBJECT_CONVERSION = YES_AGGRESSIVE;
				CLANG_CXX_LANGUAGE_STANDARD = "gnu++14";
				CLANG_CXX_LIBRARY = "libc++";
				CLANG_ENABLE_MODULES = YES;
				CLANG_ENABLE_OBJC_ARC = YES;
				CLANG_ENABLE_OBJC_WEAK = YES;
				CLANG_WARN_BLOCK_CAPTURE_AUTORELEASING = YES;
				CLANG_WARN_BOOL_CONVERSION = YES;
				CLANG_WARN_COMMA = YES;
				CLANG_WARN_CONSTANT_CONVERSION = YES;
				CLANG_WARN_DEPRECATED_OBJC_IMPLEMENTATIONS = YES;
				CLANG_WARN_DIRECT_OBJC_ISA_USAGE = YES_ERROR;
				CLANG_WARN_DOCUMENTATION_COMMENTS = YES;
				CLANG_WARN_EMPTY_BODY = YES;
				CLANG_WARN_ENUM_CONVERSION = YES;
				CLANG_WARN_INFINITE_RECURSION = YES;
				CLANG_WARN_INT_CONVERSION = YES;
				CLANG_WARN_NON_LITERAL_NULL_CONVERSION = YES;
				CLANG_WARN_OBJC_IMPLICIT_RETAIN_SELF = YES;
				CLANG_WARN_OBJC_LITERAL_CONVERSION = YES;
				CLANG_WARN_OBJC_ROOT_CLASS = YES_ERROR;
				CLANG_WARN_RANGE_LOOP_ANALYSIS = YES;
				CLANG_WARN_STRICT_PROTOTYPES = YES;
				CLANG_WARN_SUSPICIOUS_MOVE = YES;
				CLANG_WARN_UNGUARDED_AVAILABILITY = YES_AGGRESSIVE;
				CLANG_WARN_UNREACHABLE_CODE = YES;
				CLANG_WARN__DUPLICATE_METHOD_MATCH = YES;
				COPY_PHASE_STRIP = NO;
				DEBUG_INFORMATION_FORMAT = "dwarf-with-dsym";
				ENABLE_NS_ASSERTIONS = NO;
				ENABLE_STRICT_OBJC_MSGSEND = YES;
				GCC_C_LANGUAGE_STANDARD = gnu11;
				GCC_NO_COMMON_BLOCKS = YES;
				GCC_WARN_64_TO_32_BIT_CONVERSION = YES;
				GCC_WARN_ABOUT_RETURN_TYPE = YES_ERROR;
				GCC_WARN_UNDECLARED_SELECTOR = YES;
				GCC_WARN_UNINITIALIZED_AUTOS = YES_AGGRESSIVE;
				GCC_WARN_UNUSED_FUNCTION = YES;
				GCC_WARN_UNUSED_VARIABLE = YES;
				IPHONEOS_DEPLOYMENT_TARGET = 13.2;
				MTL_ENABLE_DEBUG_INFO = NO;
				MTL_FAST_MATH = YES;
				SDKROOT = iphoneos;
				SWIFT_COMPILATION_MODE = wholemodule;
				SWIFT_OPTIMIZATION_LEVEL = "-O";
				VALIDATE_PRODUCT = YES;
			};
			name = Release;
		};
		B924DE4623E302BB00D1B11B /* Debug */ = {
			isa = XCBuildConfiguration;
			buildSettings = {
				ASSETCATALOG_COMPILER_APPICON_NAME = AppIcon;
				CODE_SIGN_IDENTITY = "Apple Development";
				CODE_SIGN_STYLE = Automatic;
				CURRENT_PROJECT_VERSION = 82;
				DEVELOPMENT_ASSET_PATHS = "\"Covidcheck/Preview Content\"";
				DEVELOPMENT_TEAM = 74N8K5J2N7;
				ENABLE_PREVIEWS = YES;
				INFOPLIST_FILE = Covidcheck/Info.plist;
				LD_RUNPATH_SEARCH_PATHS = (
					"$(inherited)",
					"@executable_path/Frameworks",
				);
				MARKETING_VERSION = 1.0;
				PRODUCT_BUNDLE_IDENTIFIER = com.julianschiavo.playerly;
				PRODUCT_NAME = Covidcheck;
				PROVISIONING_PROFILE_SPECIFIER = "";
				SWIFT_VERSION = 5.0;
				TARGETED_DEVICE_FAMILY = 1;
			};
			name = Debug;
		};
		B924DE4723E302BB00D1B11B /* Release */ = {
			isa = XCBuildConfiguration;
			buildSettings = {
				ASSETCATALOG_COMPILER_APPICON_NAME = AppIcon;
				CODE_SIGN_IDENTITY = "Apple Development";
				CODE_SIGN_STYLE = Automatic;
				CURRENT_PROJECT_VERSION = 82;
				DEVELOPMENT_ASSET_PATHS = "\"Covidcheck/Preview Content\"";
				DEVELOPMENT_TEAM = 74N8K5J2N7;
				ENABLE_PREVIEWS = YES;
				INFOPLIST_FILE = Covidcheck/Info.plist;
				LD_RUNPATH_SEARCH_PATHS = (
					"$(inherited)",
					"@executable_path/Frameworks",
				);
				MARKETING_VERSION = 1.0;
				PRODUCT_BUNDLE_IDENTIFIER = com.julianschiavo.playerly;
				PRODUCT_NAME = Covidcheck;
				PROVISIONING_PROFILE_SPECIFIER = "";
				SWIFT_VERSION = 5.0;
				TARGETED_DEVICE_FAMILY = 1;
			};
			name = Release;
		};
		B92E3A372414AEEF001D3A78 /* Debug */ = {
			isa = XCBuildConfiguration;
			buildSettings = {
				ALWAYS_EMBED_SWIFT_STANDARD_LIBRARIES = YES;
				ASSETCATALOG_COMPILER_APPICON_NAME = AppIcon;
				CODE_SIGN_IDENTITY = "Apple Development";
				CODE_SIGN_STYLE = Automatic;
				CURRENT_PROJECT_VERSION = 82;
				DEVELOPMENT_TEAM = 74N8K5J2N7;
				IBSC_MODULE = Watch_App_Extension;
				INFOPLIST_FILE = "Watch App/Info.plist";
				PRODUCT_BUNDLE_IDENTIFIER = com.julianschiavo.playerly.watchkitapp;
				PRODUCT_NAME = "$(TARGET_NAME)";
				SDKROOT = watchos;
				SKIP_INSTALL = YES;
				SWIFT_VERSION = 5.0;
				TARGETED_DEVICE_FAMILY = 4;
				WATCHOS_DEPLOYMENT_TARGET = 6.1;
			};
			name = Debug;
		};
		B92E3A382414AEEF001D3A78 /* Release */ = {
			isa = XCBuildConfiguration;
			buildSettings = {
				ALWAYS_EMBED_SWIFT_STANDARD_LIBRARIES = YES;
				ASSETCATALOG_COMPILER_APPICON_NAME = AppIcon;
				CODE_SIGN_IDENTITY = "Apple Development";
				CODE_SIGN_STYLE = Automatic;
				CURRENT_PROJECT_VERSION = 82;
				DEVELOPMENT_TEAM = 74N8K5J2N7;
				IBSC_MODULE = Watch_App_Extension;
				INFOPLIST_FILE = "Watch App/Info.plist";
				PRODUCT_BUNDLE_IDENTIFIER = com.julianschiavo.playerly.watchkitapp;
				PRODUCT_NAME = "$(TARGET_NAME)";
				SDKROOT = watchos;
				SKIP_INSTALL = YES;
				SWIFT_VERSION = 5.0;
				TARGETED_DEVICE_FAMILY = 4;
				WATCHOS_DEPLOYMENT_TARGET = 6.1;
			};
			name = Release;
		};
		B92E3A3A2414AEEF001D3A78 /* Debug */ = {
			isa = XCBuildConfiguration;
			buildSettings = {
				ASSETCATALOG_COMPILER_COMPLICATION_NAME = Complication;
				CODE_SIGN_STYLE = Automatic;
				CURRENT_PROJECT_VERSION = 82;
				DEVELOPMENT_TEAM = 74N8K5J2N7;
				ENABLE_PREVIEWS = YES;
				INFOPLIST_FILE = "Watch App Extension/Info.plist";
				LD_RUNPATH_SEARCH_PATHS = (
					"$(inherited)",
					"@executable_path/Frameworks",
					"@executable_path/../../Frameworks",
				);
				PRODUCT_BUNDLE_IDENTIFIER = com.julianschiavo.playerly.watchkitapp.watchkitextension;
				PRODUCT_NAME = "${TARGET_NAME}";
				SDKROOT = watchos;
				SKIP_INSTALL = YES;
				SWIFT_VERSION = 5.0;
				TARGETED_DEVICE_FAMILY = 4;
				WATCHOS_DEPLOYMENT_TARGET = 6.1;
			};
			name = Debug;
		};
		B92E3A3B2414AEEF001D3A78 /* Release */ = {
			isa = XCBuildConfiguration;
			buildSettings = {
				ASSETCATALOG_COMPILER_COMPLICATION_NAME = Complication;
				CODE_SIGN_STYLE = Automatic;
				CURRENT_PROJECT_VERSION = 82;
				DEVELOPMENT_TEAM = 74N8K5J2N7;
				ENABLE_PREVIEWS = YES;
				INFOPLIST_FILE = "Watch App Extension/Info.plist";
				LD_RUNPATH_SEARCH_PATHS = (
					"$(inherited)",
					"@executable_path/Frameworks",
					"@executable_path/../../Frameworks",
				);
				PRODUCT_BUNDLE_IDENTIFIER = com.julianschiavo.playerly.watchkitapp.watchkitextension;
				PRODUCT_NAME = "${TARGET_NAME}";
				SDKROOT = watchos;
				SKIP_INSTALL = YES;
				SWIFT_VERSION = 5.0;
				TARGETED_DEVICE_FAMILY = 4;
				WATCHOS_DEPLOYMENT_TARGET = 6.1;
			};
			name = Release;
		};
/* End XCBuildConfiguration section */

/* Begin XCConfigurationList section */
		B924DE2C23E302B500D1B11B /* Build configuration list for PBXProject "Covidcheck" */ = {
			isa = XCConfigurationList;
			buildConfigurations = (
				B924DE4323E302BB00D1B11B /* Debug */,
				B924DE4423E302BB00D1B11B /* Release */,
			);
			defaultConfigurationIsVisible = 0;
			defaultConfigurationName = Release;
		};
		B924DE4523E302BB00D1B11B /* Build configuration list for PBXNativeTarget "Covidcheck" */ = {
			isa = XCConfigurationList;
			buildConfigurations = (
				B924DE4623E302BB00D1B11B /* Debug */,
				B924DE4723E302BB00D1B11B /* Release */,
			);
			defaultConfigurationIsVisible = 0;
			defaultConfigurationName = Release;
		};
		B92E3A3C2414AEEF001D3A78 /* Build configuration list for PBXNativeTarget "Watch App Extension" */ = {
			isa = XCConfigurationList;
			buildConfigurations = (
				B92E3A3A2414AEEF001D3A78 /* Debug */,
				B92E3A3B2414AEEF001D3A78 /* Release */,
			);
			defaultConfigurationIsVisible = 0;
			defaultConfigurationName = Release;
		};
		B92E3A3D2414AEEF001D3A78 /* Build configuration list for PBXNativeTarget "Watch App" */ = {
			isa = XCConfigurationList;
			buildConfigurations = (
				B92E3A372414AEEF001D3A78 /* Debug */,
				B92E3A382414AEEF001D3A78 /* Release */,
			);
			defaultConfigurationIsVisible = 0;
			defaultConfigurationName = Release;
		};
/* End XCConfigurationList section */
	};
	rootObject = B924DE2923E302B500D1B11B /* Project object */;
}
